
Microsoft Visual Studio Solution File, Format Version 12.00
# Visual Studio Version 17
VisualStudioVersion = 17.9.34728.123
MinimumVisualStudioVersion = 10.0.40219.1
Project("{E24C65DC-7377-472B-9ABA-BC803B73C61A}") = "aqmcHTML", ".", "{9779E335-E97C-4CB0-A69F-9103EF4FF7DA}"
	ProjectSection(WebsiteProperties) = preProject
		TargetFrameworkMoniker = ".NETFramework,Version%3Dv4.8"
		Debug.AspNetCompiler.VirtualPath = "/localhost_7059"
		Debug.AspNetCompiler.PhysicalPath = "..\aqmcHTML\"
		Debug.AspNetCompiler.TargetPath = "PrecompiledWeb\localhost_7059\"
		Debug.AspNetCompiler.Updateable = "true"
		Debug.AspNetCompiler.ForceOverwrite = "true"
		Debug.AspNetCompiler.FixedNames = "false"
		Debug.AspNetCompiler.Debug = "True"
		Release.AspNetCompiler.VirtualPath = "/localhost_7059"
		Release.AspNetCompiler.PhysicalPath = "..\aqmcHTML\"
		Release.AspNetCompiler.TargetPath = "PrecompiledWeb\localhost_7059\"
		Release.AspNetCompiler.Updateable = "true"
		Release.AspNetCompiler.ForceOverwrite = "true"
		Release.AspNetCompiler.FixedNames = "false"
		Release.AspNetCompiler.Debug = "False"
		VWDPort = "7059"
		SlnRelativePath = "..\aqmcHTML\"
	EndProjectSection
EndProject
Global
	GlobalSection(SolutionConfigurationPlatforms) = preSolution
		Debug|Any CPU = Debug|Any CPU
	EndGlobalSection
	GlobalSection(ProjectConfigurationPlatforms) = postSolution
		{9779E335-E97C-4CB0-A69F-9103EF4FF7DA}.Debug|Any CPU.ActiveCfg = Debug|Any CPU
		{9779E335-E97C-4CB0-A69F-9103EF4FF7DA}.Debug|Any CPU.Build.0 = Debug|Any CPU
	EndGlobalSection
	GlobalSection(SolutionProperties) = preSolution
		HideSolutionNode = FALSE
	EndGlobalSection
	GlobalSection(ExtensibilityGlobals) = postSolution
		SolutionGuid = {EEA92946-C2BF-46B7-81F7-73E7B393A0D9}
	EndGlobalSection
EndGlobal
